
Microsoft Visual Studio Solution File, Format Version 12.00
# Visual Studio 14
VisualStudioVersion = 14.0.25420.1
MinimumVisualStudioVersion = 10.0.40219.1
Project("{FAE04EC0-301F-11D3-BF4B-00C04F79EFBC}") = "SOAPServicesExample", "SOAPServicesExample\SOAPServicesExample.csproj", "{FCF69398-2648-4690-AE13-DF5011D2B9A7}"
EndProject
Project("{FAE04EC0-301F-11D3-BF4B-00C04F79EFBC}") = "ConsumeWebServiceExample", "ConsumeWebServiceExample\ConsumeWebServiceExample.csproj", "{5EA064F1-1379-4887-BCF7-A0C86481854D}"
EndProject
Global
	GlobalSection(SolutionConfigurationPlatforms) = preSolution
		Debug|Any CPU = Debug|Any CPU
		Release|Any CPU = Release|Any CPU
	EndGlobalSection
	GlobalSection(ProjectConfigurationPlatforms) = postSolution
		{FCF69398-2648-4690-AE13-DF5011D2B9A7}.Debug|Any CPU.ActiveCfg = Debug|Any CPU
		{FCF69398-2648-4690-AE13-DF5011D2B9A7}.Debug|Any CPU.Build.0 = Debug|Any CPU
		{FCF69398-2648-4690-AE13-DF5011D2B9A7}.Release|Any CPU.ActiveCfg = Release|Any CPU
		{FCF69398-2648-4690-AE13-DF5011D2B9A7}.Release|Any CPU.Build.0 = Release|Any CPU
		{5EA064F1-1379-4887-BCF7-A0C86481854D}.Debug|Any CPU.ActiveCfg = Debug|Any CPU
		{5EA064F1-1379-4887-BCF7-A0C86481854D}.Debug|Any CPU.Build.0 = Debug|Any CPU
		{5EA064F1-1379-4887-BCF7-A0C86481854D}.Release|Any CPU.ActiveCfg = Release|Any CPU
		{5EA064F1-1379-4887-BCF7-A0C86481854D}.Release|Any CPU.Build.0 = Release|Any CPU
	EndGlobalSection
	GlobalSection(SolutionProperties) = preSolution
		HideSolutionNode = FALSE
	EndGlobalSection
EndGlobal
