
Microsoft Visual Studio Solution File, Format Version 12.00
# Visual Studio 14
VisualStudioVersion = 14.0.25420.1
MinimumVisualStudioVersion = 10.0.40219.1
Project("{FAE04EC0-301F-11D3-BF4B-00C04F79EFBC}") = "LinkedList", "LinkedList\LinkedList.csproj", "{9515B18A-8441-4E3D-A7F6-5965F1D2B69D}"
EndProject
Project("{FAE04EC0-301F-11D3-BF4B-00C04F79EFBC}") = "SortingAlgorithmsExample", "SortingAlgorithmsExample\SortingAlgorithmsExample.csproj", "{F3CBC2E8-9417-4F3A-8D6B-44C2D1DB37E1}"
EndProject
Global
	GlobalSection(SolutionConfigurationPlatforms) = preSolution
		Debug|Any CPU = Debug|Any CPU
		Release|Any CPU = Release|Any CPU
	EndGlobalSection
	GlobalSection(ProjectConfigurationPlatforms) = postSolution
		{9515B18A-8441-4E3D-A7F6-5965F1D2B69D}.Debug|Any CPU.ActiveCfg = Debug|Any CPU
		{9515B18A-8441-4E3D-A7F6-5965F1D2B69D}.Debug|Any CPU.Build.0 = Debug|Any CPU
		{9515B18A-8441-4E3D-A7F6-5965F1D2B69D}.Release|Any CPU.ActiveCfg = Release|Any CPU
		{9515B18A-8441-4E3D-A7F6-5965F1D2B69D}.Release|Any CPU.Build.0 = Release|Any CPU
		{F3CBC2E8-9417-4F3A-8D6B-44C2D1DB37E1}.Debug|Any CPU.ActiveCfg = Debug|Any CPU
		{F3CBC2E8-9417-4F3A-8D6B-44C2D1DB37E1}.Debug|Any CPU.Build.0 = Debug|Any CPU
		{F3CBC2E8-9417-4F3A-8D6B-44C2D1DB37E1}.Release|Any CPU.ActiveCfg = Release|Any CPU
		{F3CBC2E8-9417-4F3A-8D6B-44C2D1DB37E1}.Release|Any CPU.Build.0 = Release|Any CPU
	EndGlobalSection
	GlobalSection(SolutionProperties) = preSolution
		HideSolutionNode = FALSE
	EndGlobalSection
EndGlobal
